// !$*UTF8*$!
{
	archiveVersion = 1;
	classes = {
	};
	objectVersion = 46;
	objects = {

/* Begin PBXBuildFile section */
		02DD748D1D491D5000BA35BF /* HolyDialView.swift in Sources */ = {isa = PBXBuildFile; fileRef = 02DD748C1D491D5000BA35BF /* HolyDialView.swift */; };
		02DD748F1D491F3A00BA35BF /* Range.swift in Sources */ = {isa = PBXBuildFile; fileRef = 02DD748E1D491F3A00BA35BF /* Range.swift */; };
		9C113A551D4A1B5C00DD19E7 /* UINavigationBar.swift in Sources */ = {isa = PBXBuildFile; fileRef = 9C113A541D4A1B5C00DD19E7 /* UINavigationBar.swift */; };
		9C113A571D4A1CB500DD19E7 /* HolyNavigationBar.swift in Sources */ = {isa = PBXBuildFile; fileRef = 9C113A561D4A1CB500DD19E7 /* HolyNavigationBar.swift */; };
		9C113A5A1D4A1EFA00DD19E7 /* HolyStatusBar.swift in Sources */ = {isa = PBXBuildFile; fileRef = 9C113A591D4A1EFA00DD19E7 /* HolyStatusBar.swift */; };
		9C1AB4901D48006F003FEF8C /* AppDelegate.swift in Sources */ = {isa = PBXBuildFile; fileRef = 9C1AB48F1D48006F003FEF8C /* AppDelegate.swift */; };
		9C1AB4951D48006F003FEF8C /* Main.storyboard in Resources */ = {isa = PBXBuildFile; fileRef = 9C1AB4931D48006F003FEF8C /* Main.storyboard */; };
		9C1AB4971D48006F003FEF8C /* Assets.xcassets in Resources */ = {isa = PBXBuildFile; fileRef = 9C1AB4961D48006F003FEF8C /* Assets.xcassets */; };
		9C1AB49A1D48006F003FEF8C /* LaunchScreen.storyboard in Resources */ = {isa = PBXBuildFile; fileRef = 9C1AB4981D48006F003FEF8C /* LaunchScreen.storyboard */; };
		9C1AB4AD1D48071A003FEF8C /* UIColor.swift in Sources */ = {isa = PBXBuildFile; fileRef = 9C1AB4AC1D48071A003FEF8C /* UIColor.swift */; };
		9CBFF7A11D4AC0C900A6DD2A /* GT-Walsheim-Pro-Black-Oblique.ttf in Resources */ = {isa = PBXBuildFile; fileRef = 02DD74991D4A6CE500BA35BF /* GT-Walsheim-Pro-Black-Oblique.ttf */; };
		9CBFF7A21D4AC0C900A6DD2A /* GT-Walsheim-Pro-Black.ttf in Resources */ = {isa = PBXBuildFile; fileRef = 02DD749A1D4A6CE500BA35BF /* GT-Walsheim-Pro-Black.ttf */; };
		9CBFF7A31D4AC0C900A6DD2A /* GT-Walsheim-Pro-Ultra-Bold.ttf in Resources */ = {isa = PBXBuildFile; fileRef = 02DD749B1D4A6CE500BA35BF /* GT-Walsheim-Pro-Ultra-Bold.ttf */; };
		9CBFF7A41D4AC0C900A6DD2A /* GT-Walsheim-Pro-Light-Oblique.ttf in Resources */ = {isa = PBXBuildFile; fileRef = 02DD749C1D4A6CE500BA35BF /* GT-Walsheim-Pro-Light-Oblique.ttf */; };
		9CBFF7A51D4AC0C900A6DD2A /* GT-Walsheim-Pro-Bold-Oblique.ttf in Resources */ = {isa = PBXBuildFile; fileRef = 02DD749D1D4A6CE500BA35BF /* GT-Walsheim-Pro-Bold-Oblique.ttf */; };
		9CBFF7A61D4AC0C900A6DD2A /* GT-Walsheim-Pro-Medium-Oblique.ttf in Resources */ = {isa = PBXBuildFile; fileRef = 02DD749E1D4A6CE500BA35BF /* GT-Walsheim-Pro-Medium-Oblique.ttf */; };
		9CBFF7A71D4AC0C900A6DD2A /* GT-Walsheim-Pro-Thin-Oblique.ttf in Resources */ = {isa = PBXBuildFile; fileRef = 02DD749F1D4A6CE500BA35BF /* GT-Walsheim-Pro-Thin-Oblique.ttf */; };
		9CBFF7A81D4AC0C900A6DD2A /* GT-Walsheim-Pro-Bold.ttf in Resources */ = {isa = PBXBuildFile; fileRef = 02DD74A01D4A6CE500BA35BF /* GT-Walsheim-Pro-Bold.ttf */; };
		9CBFF7A91D4AC0C900A6DD2A /* GT-Walsheim-Pro-Medium.ttf in Resources */ = {isa = PBXBuildFile; fileRef = 02DD74A11D4A6CE500BA35BF /* GT-Walsheim-Pro-Medium.ttf */; };
		9CBFF7AA1D4AC0C900A6DD2A /* GT-Walsheim-Pro-Regular-Oblique.ttf in Resources */ = {isa = PBXBuildFile; fileRef = 02DD74A21D4A6CE500BA35BF /* GT-Walsheim-Pro-Regular-Oblique.ttf */; };
		9CBFF7AB1D4AC0C900A6DD2A /* GT-Walsheim-Pro-Thin.ttf in Resources */ = {isa = PBXBuildFile; fileRef = 02DD74A31D4A6CE500BA35BF /* GT-Walsheim-Pro-Thin.ttf */; };
		9CBFF7AC1D4AC0C900A6DD2A /* GT-Walsheim-Pro-Ultra-Light-Oblique.ttf in Resources */ = {isa = PBXBuildFile; fileRef = 02DD74A41D4A6CE500BA35BF /* GT-Walsheim-Pro-Ultra-Light-Oblique.ttf */; };
		9CBFF7AD1D4AC0C900A6DD2A /* GT-Walsheim-Pro-Light.ttf in Resources */ = {isa = PBXBuildFile; fileRef = 02DD74A51D4A6CE500BA35BF /* GT-Walsheim-Pro-Light.ttf */; };
		9CBFF7AE1D4AC0C900A6DD2A /* GT-Walsheim-Pro-Regular.ttf in Resources */ = {isa = PBXBuildFile; fileRef = 02DD74A61D4A6CE500BA35BF /* GT-Walsheim-Pro-Regular.ttf */; };
		9CBFF7AF1D4AC0C900A6DD2A /* GT-Walsheim-Pro-Ultra-Bold-Oblique.ttf in Resources */ = {isa = PBXBuildFile; fileRef = 02DD74A71D4A6CE500BA35BF /* GT-Walsheim-Pro-Ultra-Bold-Oblique.ttf */; };
		9CBFF7B01D4AC0C900A6DD2A /* GT-Walsheim-Pro-Ultra-Light.ttf in Resources */ = {isa = PBXBuildFile; fileRef = 02DD74A81D4A6CE500BA35BF /* GT-Walsheim-Pro-Ultra-Light.ttf */; };
/* End PBXBuildFile section */

/* Begin PBXFileReference section */
		02DD748C1D491D5000BA35BF /* HolyDialView.swift */ = {isa = PBXFileReference; fileEncoding = 4; lastKnownFileType = sourcecode.swift; path = HolyDialView.swift; sourceTree = "<group>"; };
		02DD748E1D491F3A00BA35BF /* Range.swift */ = {isa = PBXFileReference; fileEncoding = 4; lastKnownFileType = sourcecode.swift; path = Range.swift; sourceTree = "<group>"; };
		02DD74991D4A6CE500BA35BF /* GT-Walsheim-Pro-Black-Oblique.ttf */ = {isa = PBXFileReference; lastKnownFileType = file; path = "GT-Walsheim-Pro-Black-Oblique.ttf"; sourceTree = "<group>"; };
		02DD749A1D4A6CE500BA35BF /* GT-Walsheim-Pro-Black.ttf */ = {isa = PBXFileReference; lastKnownFileType = file; path = "GT-Walsheim-Pro-Black.ttf"; sourceTree = "<group>"; };
		02DD749B1D4A6CE500BA35BF /* GT-Walsheim-Pro-Ultra-Bold.ttf */ = {isa = PBXFileReference; lastKnownFileType = file; path = "GT-Walsheim-Pro-Ultra-Bold.ttf"; sourceTree = "<group>"; };
		02DD749C1D4A6CE500BA35BF /* GT-Walsheim-Pro-Light-Oblique.ttf */ = {isa = PBXFileReference; lastKnownFileType = file; path = "GT-Walsheim-Pro-Light-Oblique.ttf"; sourceTree = "<group>"; };
		02DD749D1D4A6CE500BA35BF /* GT-Walsheim-Pro-Bold-Oblique.ttf */ = {isa = PBXFileReference; lastKnownFileType = file; path = "GT-Walsheim-Pro-Bold-Oblique.ttf"; sourceTree = "<group>"; };
		02DD749E1D4A6CE500BA35BF /* GT-Walsheim-Pro-Medium-Oblique.ttf */ = {isa = PBXFileReference; lastKnownFileType = file; path = "GT-Walsheim-Pro-Medium-Oblique.ttf"; sourceTree = "<group>"; };
		02DD749F1D4A6CE500BA35BF /* GT-Walsheim-Pro-Thin-Oblique.ttf */ = {isa = PBXFileReference; lastKnownFileType = file; path = "GT-Walsheim-Pro-Thin-Oblique.ttf"; sourceTree = "<group>"; };
		02DD74A01D4A6CE500BA35BF /* GT-Walsheim-Pro-Bold.ttf */ = {isa = PBXFileReference; lastKnownFileType = file; path = "GT-Walsheim-Pro-Bold.ttf"; sourceTree = "<group>"; };
		02DD74A11D4A6CE500BA35BF /* GT-Walsheim-Pro-Medium.ttf */ = {isa = PBXFileReference; lastKnownFileType = file; path = "GT-Walsheim-Pro-Medium.ttf"; sourceTree = "<group>"; };
		02DD74A21D4A6CE500BA35BF /* GT-Walsheim-Pro-Regular-Oblique.ttf */ = {isa = PBXFileReference; lastKnownFileType = file; path = "GT-Walsheim-Pro-Regular-Oblique.ttf"; sourceTree = "<group>"; };
		02DD74A31D4A6CE500BA35BF /* GT-Walsheim-Pro-Thin.ttf */ = {isa = PBXFileReference; lastKnownFileType = file; path = "GT-Walsheim-Pro-Thin.ttf"; sourceTree = "<group>"; };
		02DD74A41D4A6CE500BA35BF /* GT-Walsheim-Pro-Ultra-Light-Oblique.ttf */ = {isa = PBXFileReference; lastKnownFileType = file; path = "GT-Walsheim-Pro-Ultra-Light-Oblique.ttf"; sourceTree = "<group>"; };
		02DD74A51D4A6CE500BA35BF /* GT-Walsheim-Pro-Light.ttf */ = {isa = PBXFileReference; lastKnownFileType = file; path = "GT-Walsheim-Pro-Light.ttf"; sourceTree = "<group>"; };
		02DD74A61D4A6CE500BA35BF /* GT-Walsheim-Pro-Regular.ttf */ = {isa = PBXFileReference; lastKnownFileType = file; path = "GT-Walsheim-Pro-Regular.ttf"; sourceTree = "<group>"; };
		02DD74A71D4A6CE500BA35BF /* GT-Walsheim-Pro-Ultra-Bold-Oblique.ttf */ = {isa = PBXFileReference; lastKnownFileType = file; path = "GT-Walsheim-Pro-Ultra-Bold-Oblique.ttf"; sourceTree = "<group>"; };
		02DD74A81D4A6CE500BA35BF /* GT-Walsheim-Pro-Ultra-Light.ttf */ = {isa = PBXFileReference; lastKnownFileType = file; path = "GT-Walsheim-Pro-Ultra-Light.ttf"; sourceTree = "<group>"; };
		9C113A541D4A1B5C00DD19E7 /* UINavigationBar.swift */ = {isa = PBXFileReference; fileEncoding = 4; lastKnownFileType = sourcecode.swift; path = UINavigationBar.swift; sourceTree = "<group>"; };
		9C113A561D4A1CB500DD19E7 /* HolyNavigationBar.swift */ = {isa = PBXFileReference; fileEncoding = 4; lastKnownFileType = sourcecode.swift; path = HolyNavigationBar.swift; sourceTree = "<group>"; };
		9C113A591D4A1EFA00DD19E7 /* HolyStatusBar.swift */ = {isa = PBXFileReference; fileEncoding = 4; lastKnownFileType = sourcecode.swift; path = HolyStatusBar.swift; sourceTree = "<group>"; };
		9C1AB48C1D48006F003FEF8C /* Holy Cow.app */ = {isa = PBXFileReference; explicitFileType = wrapper.application; includeInIndex = 0; path = "Holy Cow.app"; sourceTree = BUILT_PRODUCTS_DIR; };
		9C1AB48F1D48006F003FEF8C /* AppDelegate.swift */ = {isa = PBXFileReference; lastKnownFileType = sourcecode.swift; path = AppDelegate.swift; sourceTree = "<group>"; };
		9C1AB4941D48006F003FEF8C /* Base */ = {isa = PBXFileReference; lastKnownFileType = file.storyboard; name = Base; path = Base.lproj/Main.storyboard; sourceTree = "<group>"; };
		9C1AB4961D48006F003FEF8C /* Assets.xcassets */ = {isa = PBXFileReference; lastKnownFileType = folder.assetcatalog; path = Assets.xcassets; sourceTree = "<group>"; };
		9C1AB4991D48006F003FEF8C /* Base */ = {isa = PBXFileReference; lastKnownFileType = file.storyboard; name = Base; path = Base.lproj/LaunchScreen.storyboard; sourceTree = "<group>"; };
		9C1AB49B1D48006F003FEF8C /* Info.plist */ = {isa = PBXFileReference; lastKnownFileType = text.plist.xml; path = Info.plist; sourceTree = "<group>"; };
		9C1AB4AC1D48071A003FEF8C /* UIColor.swift */ = {isa = PBXFileReference; fileEncoding = 4; lastKnownFileType = sourcecode.swift; path = UIColor.swift; sourceTree = "<group>"; };
/* End PBXFileReference section */

/* Begin PBXFrameworksBuildPhase section */
		9C1AB4891D48006F003FEF8C /* Frameworks */ = {
			isa = PBXFrameworksBuildPhase;
			buildActionMask = 2147483647;
			files = (
			);
			runOnlyForDeploymentPostprocessing = 0;
		};
/* End PBXFrameworksBuildPhase section */

/* Begin PBXGroup section */
		02DD74901D491F4000BA35BF /* Extensions */ = {
			isa = PBXGroup;
			children = (
				02DD748E1D491F3A00BA35BF /* Range.swift */,
				9C1AB4AC1D48071A003FEF8C /* UIColor.swift */,
				9C113A541D4A1B5C00DD19E7 /* UINavigationBar.swift */,
			);
			name = Extensions;
			sourceTree = "<group>";
		};
		9C113A581D4A1CB900DD19E7 /* Views */ = {
			isa = PBXGroup;
			children = (
				02DD748C1D491D5000BA35BF /* HolyDialView.swift */,
				9C113A561D4A1CB500DD19E7 /* HolyNavigationBar.swift */,
				9C113A591D4A1EFA00DD19E7 /* HolyStatusBar.swift */,
			);
			name = Views;
			sourceTree = "<group>";
		};
		9C1AB4831D48006F003FEF8C = {
			isa = PBXGroup;
			children = (
				9C1AB48E1D48006F003FEF8C /* Holy Cow */,
				9C1AB48D1D48006F003FEF8C /* Products */,
			);
			sourceTree = "<group>";
		};
		9C1AB48D1D48006F003FEF8C /* Products */ = {
			isa = PBXGroup;
			children = (
				9C1AB48C1D48006F003FEF8C /* Holy Cow.app */,
			);
			name = Products;
			sourceTree = "<group>";
		};
		9C1AB48E1D48006F003FEF8C /* Holy Cow */ = {
			isa = PBXGroup;
			children = (
				9C113A581D4A1CB900DD19E7 /* Views */,
				9C1AB48F1D48006F003FEF8C /* AppDelegate.swift */,
				9C1AB4931D48006F003FEF8C /* Main.storyboard */,
				02DD74901D491F4000BA35BF /* Extensions */,
				9C1AB4961D48006F003FEF8C /* Assets.xcassets */,
				9C1AB4981D48006F003FEF8C /* LaunchScreen.storyboard */,
				9C1AB49B1D48006F003FEF8C /* Info.plist */,
				9C1AB4AB1D4800AF003FEF8C /* Fonts */,
			);
			path = "Holy Cow";
			sourceTree = "<group>";
		};
		9C1AB4AB1D4800AF003FEF8C /* Fonts */ = {
			isa = PBXGroup;
			children = (
				02DD74991D4A6CE500BA35BF /* GT-Walsheim-Pro-Black-Oblique.ttf */,
				02DD749A1D4A6CE500BA35BF /* GT-Walsheim-Pro-Black.ttf */,
				02DD749B1D4A6CE500BA35BF /* GT-Walsheim-Pro-Ultra-Bold.ttf */,
				02DD749C1D4A6CE500BA35BF /* GT-Walsheim-Pro-Light-Oblique.ttf */,
				02DD749D1D4A6CE500BA35BF /* GT-Walsheim-Pro-Bold-Oblique.ttf */,
				02DD749E1D4A6CE500BA35BF /* GT-Walsheim-Pro-Medium-Oblique.ttf */,
				02DD749F1D4A6CE500BA35BF /* GT-Walsheim-Pro-Thin-Oblique.ttf */,
				02DD74A01D4A6CE500BA35BF /* GT-Walsheim-Pro-Bold.ttf */,
				02DD74A11D4A6CE500BA35BF /* GT-Walsheim-Pro-Medium.ttf */,
				02DD74A21D4A6CE500BA35BF /* GT-Walsheim-Pro-Regular-Oblique.ttf */,
				02DD74A31D4A6CE500BA35BF /* GT-Walsheim-Pro-Thin.ttf */,
				02DD74A41D4A6CE500BA35BF /* GT-Walsheim-Pro-Ultra-Light-Oblique.ttf */,
				02DD74A51D4A6CE500BA35BF /* GT-Walsheim-Pro-Light.ttf */,
				02DD74A61D4A6CE500BA35BF /* GT-Walsheim-Pro-Regular.ttf */,
				02DD74A71D4A6CE500BA35BF /* GT-Walsheim-Pro-Ultra-Bold-Oblique.ttf */,
				02DD74A81D4A6CE500BA35BF /* GT-Walsheim-Pro-Ultra-Light.ttf */,
			);
			name = Fonts;
			sourceTree = "<group>";
		};
/* End PBXGroup section */

/* Begin PBXNativeTarget section */
		9C1AB48B1D48006F003FEF8C /* Holy Cow */ = {
			isa = PBXNativeTarget;
			buildConfigurationList = 9C1AB49E1D48006F003FEF8C /* Build configuration list for PBXNativeTarget "Holy Cow" */;
			buildPhases = (
				9C1AB4881D48006F003FEF8C /* Sources */,
				9C1AB4891D48006F003FEF8C /* Frameworks */,
				9C1AB48A1D48006F003FEF8C /* Resources */,
			);
			buildRules = (
			);
			dependencies = (
			);
			name = "Holy Cow";
			productName = "Holy Cow";
			productReference = 9C1AB48C1D48006F003FEF8C /* Holy Cow.app */;
			productType = "com.apple.product-type.application";
		};
/* End PBXNativeTarget section */

/* Begin PBXProject section */
		9C1AB4841D48006F003FEF8C /* Project object */ = {
			isa = PBXProject;
			attributes = {
				LastSwiftUpdateCheck = 0730;
				LastUpgradeCheck = 0730;
				ORGANIZATIONNAME = "Tobin Bell";
				TargetAttributes = {
					9C1AB48B1D48006F003FEF8C = {
						CreatedOnToolsVersion = 7.3.1;
					};
				};
			};
			buildConfigurationList = 9C1AB4871D48006F003FEF8C /* Build configuration list for PBXProject "Holy Cow" */;
			compatibilityVersion = "Xcode 3.2";
			developmentRegion = English;
			hasScannedForEncodings = 0;
			knownRegions = (
				en,
				Base,
			);
			mainGroup = 9C1AB4831D48006F003FEF8C;
			productRefGroup = 9C1AB48D1D48006F003FEF8C /* Products */;
			projectDirPath = "";
			projectRoot = "";
			targets = (
				9C1AB48B1D48006F003FEF8C /* Holy Cow */,
			);
		};
/* End PBXProject section */

/* Begin PBXResourcesBuildPhase section */
		9C1AB48A1D48006F003FEF8C /* Resources */ = {
			isa = PBXResourcesBuildPhase;
			buildActionMask = 2147483647;
			files = (
				9CBFF7AB1D4AC0C900A6DD2A /* GT-Walsheim-Pro-Thin.ttf in Resources */,
				9CBFF7A51D4AC0C900A6DD2A /* GT-Walsheim-Pro-Bold-Oblique.ttf in Resources */,
				9C1AB49A1D48006F003FEF8C /* LaunchScreen.storyboard in Resources */,
				9CBFF7AE1D4AC0C900A6DD2A /* GT-Walsheim-Pro-Regular.ttf in Resources */,
				9CBFF7A71D4AC0C900A6DD2A /* GT-Walsheim-Pro-Thin-Oblique.ttf in Resources */,
				9CBFF7AA1D4AC0C900A6DD2A /* GT-Walsheim-Pro-Regular-Oblique.ttf in Resources */,
				9C1AB4971D48006F003FEF8C /* Assets.xcassets in Resources */,
				9CBFF7A91D4AC0C900A6DD2A /* GT-Walsheim-Pro-Medium.ttf in Resources */,
				9C1AB4951D48006F003FEF8C /* Main.storyboard in Resources */,
				9CBFF7A21D4AC0C900A6DD2A /* GT-Walsheim-Pro-Black.ttf in Resources */,
				9CBFF7A81D4AC0C900A6DD2A /* GT-Walsheim-Pro-Bold.ttf in Resources */,
				9CBFF7AD1D4AC0C900A6DD2A /* GT-Walsheim-Pro-Light.ttf in Resources */,
				9CBFF7B01D4AC0C900A6DD2A /* GT-Walsheim-Pro-Ultra-Light.ttf in Resources */,
				9CBFF7AC1D4AC0C900A6DD2A /* GT-Walsheim-Pro-Ultra-Light-Oblique.ttf in Resources */,
				9CBFF7A11D4AC0C900A6DD2A /* GT-Walsheim-Pro-Black-Oblique.ttf in Resources */,
				9CBFF7A31D4AC0C900A6DD2A /* GT-Walsheim-Pro-Ultra-Bold.ttf in Resources */,
				9CBFF7A41D4AC0C900A6DD2A /* GT-Walsheim-Pro-Light-Oblique.ttf in Resources */,
				9CBFF7A61D4AC0C900A6DD2A /* GT-Walsheim-Pro-Medium-Oblique.ttf in Resources */,
				9CBFF7AF1D4AC0C900A6DD2A /* GT-Walsheim-Pro-Ultra-Bold-Oblique.ttf in Resources */,
			);
			runOnlyForDeploymentPostprocessing = 0;
		};
/* End PBXResourcesBuildPhase section */

/* Begin PBXSourcesBuildPhase section */
		9C1AB4881D48006F003FEF8C /* Sources */ = {
			isa = PBXSourcesBuildPhase;
			buildActionMask = 2147483647;
			files = (
				9C113A571D4A1CB500DD19E7 /* HolyNavigationBar.swift in Sources */,
				9C1AB4AD1D48071A003FEF8C /* UIColor.swift in Sources */,
				9C113A5A1D4A1EFA00DD19E7 /* HolyStatusBar.swift in Sources */,
				02DD748D1D491D5000BA35BF /* HolyDialView.swift in Sources */,
				9C113A551D4A1B5C00DD19E7 /* UINavigationBar.swift in Sources */,
				9C1AB4901D48006F003FEF8C /* AppDelegate.swift in Sources */,
				02DD748F1D491F3A00BA35BF /* Range.swift in Sources */,
			);
			runOnlyForDeploymentPostprocessing = 0;
		};
/* End PBXSourcesBuildPhase section */

/* Begin PBXVariantGroup section */
		9C1AB4931D48006F003FEF8C /* Main.storyboard */ = {
			isa = PBXVariantGroup;
			children = (
				9C1AB4941D48006F003FEF8C /* Base */,
			);
			name = Main.storyboard;
			sourceTree = "<group>";
		};
		9C1AB4981D48006F003FEF8C /* LaunchScreen.storyboard */ = {
			isa = PBXVariantGroup;
			children = (
				9C1AB4991D48006F003FEF8C /* Base */,
			);
			name = LaunchScreen.storyboard;
			sourceTree = "<group>";
		};
/* End PBXVariantGroup section */

/* Begin XCBuildConfiguration section */
		9C1AB49C1D48006F003FEF8C /* Debug */ = {
			isa = XCBuildConfiguration;
			buildSettings = {
				ALWAYS_SEARCH_USER_PATHS = NO;
				CLANG_ANALYZER_NONNULL = YES;
				CLANG_CXX_LANGUAGE_STANDARD = "gnu++0x";
				CLANG_CXX_LIBRARY = "libc++";
				CLANG_ENABLE_MODULES = YES;
				CLANG_ENABLE_OBJC_ARC = YES;
				CLANG_WARN_BOOL_CONVERSION = YES;
				CLANG_WARN_CONSTANT_CONVERSION = YES;
				CLANG_WARN_DIRECT_OBJC_ISA_USAGE = YES_ERROR;
				CLANG_WARN_EMPTY_BODY = YES;
				CLANG_WARN_ENUM_CONVERSION = YES;
				CLANG_WARN_INT_CONVERSION = YES;
				CLANG_WARN_OBJC_ROOT_CLASS = YES_ERROR;
				CLANG_WARN_UNREACHABLE_CODE = YES;
				CLANG_WARN__DUPLICATE_METHOD_MATCH = YES;
				"CODE_SIGN_IDENTITY[sdk=iphoneos*]" = "iPhone Developer";
				COPY_PHASE_STRIP = NO;
				DEBUG_INFORMATION_FORMAT = dwarf;
				ENABLE_STRICT_OBJC_MSGSEND = YES;
				ENABLE_TESTABILITY = YES;
				GCC_C_LANGUAGE_STANDARD = gnu99;
				GCC_DYNAMIC_NO_PIC = NO;
				GCC_NO_COMMON_BLOCKS = YES;
				GCC_OPTIMIZATION_LEVEL = 0;
				GCC_PREPROCESSOR_DEFINITIONS = (
					"DEBUG=1",
					"$(inherited)",
				);
				GCC_WARN_64_TO_32_BIT_CONVERSION = YES;
				GCC_WARN_ABOUT_RETURN_TYPE = YES_ERROR;
				GCC_WARN_UNDECLARED_SELECTOR = YES;
				GCC_WARN_UNINITIALIZED_AUTOS = YES_AGGRESSIVE;
				GCC_WARN_UNUSED_FUNCTION = YES;
				GCC_WARN_UNUSED_VARIABLE = YES;
				IPHONEOS_DEPLOYMENT_TARGET = 9.3;
				MTL_ENABLE_DEBUG_INFO = YES;
				ONLY_ACTIVE_ARCH = YES;
				SDKROOT = iphoneos;
				SWIFT_OPTIMIZATION_LEVEL = "-Onone";
			};
			name = Debug;
		};
		9C1AB49D1D48006F003FEF8C /* Release */ = {
			isa = XCBuildConfiguration;
			buildSettings = {
				ALWAYS_SEARCH_USER_PATHS = NO;
				CLANG_ANALYZER_NONNULL = YES;
				CLANG_CXX_LANGUAGE_STANDARD = "gnu++0x";
				CLANG_CXX_LIBRARY = "libc++";
				CLANG_ENABLE_MODULES = YES;
				CLANG_ENABLE_OBJC_ARC = YES;
				CLANG_WARN_BOOL_CONVERSION = YES;
				CLANG_WARN_CONSTANT_CONVERSION = YES;
				CLANG_WARN_DIRECT_OBJC_ISA_USAGE = YES_ERROR;
				CLANG_WARN_EMPTY_BODY = YES;
				CLANG_WARN_ENUM_CONVERSION = YES;
				CLANG_WARN_INT_CONVERSION = YES;
				CLANG_WARN_OBJC_ROOT_CLASS = YES_ERROR;
				CLANG_WARN_UNREACHABLE_CODE = YES;
				CLANG_WARN__DUPLICATE_METHOD_MATCH = YES;
				"CODE_SIGN_IDENTITY[sdk=iphoneos*]" = "iPhone Developer";
				COPY_PHASE_STRIP = NO;
				DEBUG_INFORMATION_FORMAT = "dwarf-with-dsym";
				ENABLE_NS_ASSERTIONS = NO;
				ENABLE_STRICT_OBJC_MSGSEND = YES;
				GCC_C_LANGUAGE_STANDARD = gnu99;
				GCC_NO_COMMON_BLOCKS = YES;
				GCC_WARN_64_TO_32_BIT_CONVERSION = YES;
				GCC_WARN_ABOUT_RETURN_TYPE = YES_ERROR;
				GCC_WARN_UNDECLARED_SELECTOR = YES;
				GCC_WARN_UNINITIALIZED_AUTOS = YES_AGGRESSIVE;
				GCC_WARN_UNUSED_FUNCTION = YES;
				GCC_WARN_UNUSED_VARIABLE = YES;
				IPHONEOS_DEPLOYMENT_TARGET = 9.3;
				MTL_ENABLE_DEBUG_INFO = NO;
				SDKROOT = iphoneos;
				VALIDATE_PRODUCT = YES;
			};
			name = Release;
		};
		9C1AB49F1D48006F003FEF8C /* Debug */ = {
			isa = XCBuildConfiguration;
			buildSettings = {
				ASSETCATALOG_COMPILER_APPICON_NAME = AppIcon;
				CODE_SIGN_IDENTITY = "iPhone Developer";
				INFOPLIST_FILE = "Holy Cow/Info.plist";
				LD_RUNPATH_SEARCH_PATHS = "$(inherited) @executable_path/Frameworks";
				PRODUCT_BUNDLE_IDENTIFIER = "me.tobinbell.Holy-Cow";
				PRODUCT_NAME = "$(TARGET_NAME)";
			};
			name = Debug;
		};
		9C1AB4A01D48006F003FEF8C /* Release */ = {
			isa = XCBuildConfiguration;
			buildSettings = {
				ASSETCATALOG_COMPILER_APPICON_NAME = AppIcon;
				CODE_SIGN_IDENTITY = "iPhone Developer";
				INFOPLIST_FILE = "Holy Cow/Info.plist";
				LD_RUNPATH_SEARCH_PATHS = "$(inherited) @executable_path/Frameworks";
				PRODUCT_BUNDLE_IDENTIFIER = "me.tobinbell.Holy-Cow";
				PRODUCT_NAME = "$(TARGET_NAME)";
			};
			name = Release;
		};
/* End XCBuildConfiguration section */

/* Begin XCConfigurationList section */
		9C1AB4871D48006F003FEF8C /* Build configuration list for PBXProject "Holy Cow" */ = {
			isa = XCConfigurationList;
			buildConfigurations = (
				9C1AB49C1D48006F003FEF8C /* Debug */,
				9C1AB49D1D48006F003FEF8C /* Release */,
			);
			defaultConfigurationIsVisible = 0;
			defaultConfigurationName = Release;
		};
		9C1AB49E1D48006F003FEF8C /* Build configuration list for PBXNativeTarget "Holy Cow" */ = {
			isa = XCConfigurationList;
			buildConfigurations = (
				9C1AB49F1D48006F003FEF8C /* Debug */,
				9C1AB4A01D48006F003FEF8C /* Release */,
			);
			defaultConfigurationIsVisible = 0;
			defaultConfigurationName = Release;
		};
/* End XCConfigurationList section */
	};
	rootObject = 9C1AB4841D48006F003FEF8C /* Project object */;
}
